
Microsoft Visual Studio Solution File, Format Version 12.00
# Visual Studio Version 16
VisualStudioVersion = 16.0.30907.101
MinimumVisualStudioVersion = 10.0.40219.1
Project("{FAE04EC0-301F-11D3-BF4B-00C04F79EFBC}") = "CV19", "CV19.csproj", "{48CDC5B3-73C5-4099-9D98-9BD12CF3A269}"
EndProject
Project("{2150E333-8FDC-42A3-9474-1A3956D46DE8}") = "Tests", "Tests", "{F19DA459-AA5E-44B1-9569-DAB41BC0CE30}"
EndProject
Project("{FAE04EC0-301F-11D3-BF4B-00C04F79EFBC}") = "CV19Console", "..\CV19Console\CV19Console.csproj", "{B72F5382-FA80-47AF-9B24-543BF7402582}"
EndProject
Project("{FAE04EC0-301F-11D3-BF4B-00C04F79EFBC}") = "CV19experiment", "..\CV19experiment\CV19experiment.csproj", "{EE08426C-9493-4992-B29C-58DC639DDFF1}"
EndProject
Global
	GlobalSection(SolutionConfigurationPlatforms) = preSolution
		Debug|Any CPU = Debug|Any CPU
		Release|Any CPU = Release|Any CPU
	EndGlobalSection
	GlobalSection(ProjectConfigurationPlatforms) = postSolution
		{48CDC5B3-73C5-4099-9D98-9BD12CF3A269}.Debug|Any CPU.ActiveCfg = Debug|Any CPU
		{48CDC5B3-73C5-4099-9D98-9BD12CF3A269}.Debug|Any CPU.Build.0 = Debug|Any CPU
		{48CDC5B3-73C5-4099-9D98-9BD12CF3A269}.Release|Any CPU.ActiveCfg = Release|Any CPU
		{48CDC5B3-73C5-4099-9D98-9BD12CF3A269}.Release|Any CPU.Build.0 = Release|Any CPU
		{B72F5382-FA80-47AF-9B24-543BF7402582}.Debug|Any CPU.ActiveCfg = Debug|Any CPU
		{B72F5382-FA80-47AF-9B24-543BF7402582}.Debug|Any CPU.Build.0 = Debug|Any CPU
		{B72F5382-FA80-47AF-9B24-543BF7402582}.Release|Any CPU.ActiveCfg = Release|Any CPU
		{B72F5382-FA80-47AF-9B24-543BF7402582}.Release|Any CPU.Build.0 = Release|Any CPU
		{EE08426C-9493-4992-B29C-58DC639DDFF1}.Debug|Any CPU.ActiveCfg = Debug|Any CPU
		{EE08426C-9493-4992-B29C-58DC639DDFF1}.Debug|Any CPU.Build.0 = Debug|Any CPU
		{EE08426C-9493-4992-B29C-58DC639DDFF1}.Release|Any CPU.ActiveCfg = Release|Any CPU
		{EE08426C-9493-4992-B29C-58DC639DDFF1}.Release|Any CPU.Build.0 = Release|Any CPU
	EndGlobalSection
	GlobalSection(SolutionProperties) = preSolution
		HideSolutionNode = FALSE
	EndGlobalSection
	GlobalSection(NestedProjects) = preSolution
		{B72F5382-FA80-47AF-9B24-543BF7402582} = {F19DA459-AA5E-44B1-9569-DAB41BC0CE30}
		{EE08426C-9493-4992-B29C-58DC639DDFF1} = {F19DA459-AA5E-44B1-9569-DAB41BC0CE30}
	EndGlobalSection
	GlobalSection(ExtensibilityGlobals) = postSolution
		SolutionGuid = {AC011A4A-55D7-46E1-898B-24A69CF209BD}
	EndGlobalSection
EndGlobal
